{
  "name": "@punitchawla/medium-common",
  "version": "1.0.0",
  "lockfileVersion": 3,
  "requires": true,
  "packages": {
    "": {
      "name": "@punitchawla/medium-common",
      "version": "1.0.0",
      "license": "ISC",
      "dependencies": {
        "@punitchawla/medium-common": "^1.0.0",
        "zod": "^3.23.8"
      }
    },
    "node_modules/@punitchawla/medium-common": {
      "version": "1.0.0",
      "resolved": "https://registry.npmjs.org/@punitchawla/medium-common/-/medium-common-1.0.0.tgz",
      "integrity": "sha512-1wzal5cxYH0Wj5VA4kRprkRdattX6VHMbCCUvsp0GrpdoLry4RjECHsbQSpl+8uZ4qTw3sRcO724DboXK8eZag==",
      "dependencies": {
        "zod": "^3.23.8"
      }
    },
    "node_modules/zod": {
      "version": "3.23.8",
      "resolved": "https://registry.npmjs.org/zod/-/zod-3.23.8.tgz",
      "integrity": "sha512-XBx9AXhXktjUqnepgTiE5flcKIYWi/rme0Eaj+5Y0lftuGBq+jyRu/md4WnuxqgP1ubdpNCsYEYPxrzVHD8d6g==",
      "funding": {
        "url": "https://github.com/sponsors/colinhacks"
      }
    }
  }
}
